
Microsoft Visual Studio Solution File, Format Version 12.00
# Visual Studio 15
VisualStudioVersion = 15.0.26730.16
MinimumVisualStudioVersion = 10.0.40219.1
Project("{FAE04EC0-301F-11D3-BF4B-00C04F79EFBC}") = "journal", "journal\journal.csproj", "{959F5685-6735-4DEF-85BB-C0ACA1DC250E}"
EndProject
Project("{FAE04EC0-301F-11D3-BF4B-00C04F79EFBC}") = "journalLibrary", "journalLibrary\journalLibrary.csproj", "{3007F66B-7193-4014-B44F-3FC4D18BCE54}"
EndProject
Global
	GlobalSection(SolutionConfigurationPlatforms) = preSolution
		Debug|Any CPU = Debug|Any CPU
		Release|Any CPU = Release|Any CPU
	EndGlobalSection
	GlobalSection(ProjectConfigurationPlatforms) = postSolution
		{959F5685-6735-4DEF-85BB-C0ACA1DC250E}.Debug|Any CPU.ActiveCfg = Debug|Any CPU
		{959F5685-6735-4DEF-85BB-C0ACA1DC250E}.Debug|Any CPU.Build.0 = Debug|Any CPU
		{959F5685-6735-4DEF-85BB-C0ACA1DC250E}.Release|Any CPU.ActiveCfg = Release|Any CPU
		{959F5685-6735-4DEF-85BB-C0ACA1DC250E}.Release|Any CPU.Build.0 = Release|Any CPU
		{3007F66B-7193-4014-B44F-3FC4D18BCE54}.Debug|Any CPU.ActiveCfg = Debug|Any CPU
		{3007F66B-7193-4014-B44F-3FC4D18BCE54}.Debug|Any CPU.Build.0 = Debug|Any CPU
		{3007F66B-7193-4014-B44F-3FC4D18BCE54}.Release|Any CPU.ActiveCfg = Release|Any CPU
		{3007F66B-7193-4014-B44F-3FC4D18BCE54}.Release|Any CPU.Build.0 = Release|Any CPU
	EndGlobalSection
	GlobalSection(SolutionProperties) = preSolution
		HideSolutionNode = FALSE
	EndGlobalSection
	GlobalSection(ExtensibilityGlobals) = postSolution
		SolutionGuid = {7E339FB9-D25E-4F94-9A82-D00A29B16E62}
	EndGlobalSection
EndGlobal
